{
  "name": "workspace",
  "lockfileVersion": 3,
  "requires": true,
  "packages": {
    "": {
      "dependencies": {
        "@zed-industries/codex-acp": "^0.11.1"
      }
    },
    "node_modules/@zed-industries/codex-acp": {
      "version": "0.11.1",
      "resolved": "https://registry.npmjs.org/@zed-industries/codex-acp/-/codex-acp-0.11.1.tgz",
      "integrity": "sha512-My2VSlBtvJipJhImHjFDej2ut/p00QqOISRnZgLgLrSIzjgvdcQvAhaZviWj7XPhk4UIdIb0OoA+Lrls824uiQ==",
      "license": "Apache-2.0",
      "bin": {
        "codex-acp": "bin/codex-acp.js"
      },
      "optionalDependencies": {
        "@zed-industries/codex-acp-darwin-arm64": "0.11.1",
        "@zed-industries/codex-acp-darwin-x64": "0.11.1",
        "@zed-industries/codex-acp-linux-arm64": "0.11.1",
        "@zed-industries/codex-acp-linux-x64": "0.11.1",
        "@zed-industries/codex-acp-win32-arm64": "0.11.1",
        "@zed-industries/codex-acp-win32-x64": "0.11.1"
      }
    },
    "node_modules/@zed-industries/codex-acp-darwin-arm64": {
      "version": "0.11.1",
      "resolved": "https://registry.npmjs.org/@zed-industries/codex-acp-darwin-arm64/-/codex-acp-darwin-arm64-0.11.1.tgz",
      "integrity": "sha512-zJ/CsOSH1NniKGF/liBtWokdkFtymTWeELV4lDlgMgzVSqMHQTB+t6fFSrxhwOcXHK86TErxAT81Z61e+bq5gg==",
      "cpu": [
        "arm64"
      ],
      "license": "Apache-2.0",
      "optional": true,
      "os": [
        "darwin"
      ],
      "bin": {
        "codex-acp-darwin-arm64": "bin/codex-acp"
      }
    },
    "node_modules/@zed-industries/codex-acp-darwin-x64": {
      "version": "0.11.1",
      "resolved": "https://registry.npmjs.org/@zed-industries/codex-acp-darwin-x64/-/codex-acp-darwin-x64-0.11.1.tgz",
      "integrity": "sha512-UZjIsEZPLeYMk+fj2ot1oT+tWuJpw+iZS9awnbmJYxTEEXMpY8BE6xQXMy7iyyxJ346We5MEpAdxg730vcem5Q==",
      "cpu": [
        "x64"
      ],
      "license": "Apache-2.0",
      "optional": true,
      "os": [
        "darwin"
      ],
      "bin": {
        "codex-acp-darwin-x64": "bin/codex-acp"
      }
    },
    "node_modules/@zed-industries/codex-acp-linux-arm64": {
      "version": "0.11.1",
      "resolved": "https://registry.npmjs.org/@zed-industries/codex-acp-linux-arm64/-/codex-acp-linux-arm64-0.11.1.tgz",
      "integrity": "sha512-I1f6WoSLbLlsWq4zH+vtwdoc4Y41mqRXPpSkfgIifxBw34QmWJmi37etZ7lKTYp6R+J/Z4PUN0rsmnsmKpBZTw==",
      "cpu": [
        "arm64"
      ],
      "license": "Apache-2.0",
      "optional": true,
      "os": [
        "linux"
      ],
      "bin": {
        "codex-acp-linux-arm64": "bin/codex-acp"
      }
    },
    "node_modules/@zed-industries/codex-acp-linux-x64": {
      "version": "0.11.1",
      "resolved": "https://registry.npmjs.org/@zed-industries/codex-acp-linux-x64/-/codex-acp-linux-x64-0.11.1.tgz",
      "integrity": "sha512-30vSoZuW1DP6Nuz24Gg3jgVC37IYe0bZ/Fgc5+372gc0h72NN4zHYAbu5bRd/gUJ9GdwABKrrEPCoFPlOTVTnQ==",
      "cpu": [
        "x64"
      ],
      "license": "Apache-2.0",
      "optional": true,
      "os": [
        "linux"
      ],
      "bin": {
        "codex-acp-linux-x64": "bin/codex-acp"
      }
    },
    "node_modules/@zed-industries/codex-acp-win32-arm64": {
      "version": "0.11.1",
      "resolved": "https://registry.npmjs.org/@zed-industries/codex-acp-win32-arm64/-/codex-acp-win32-arm64-0.11.1.tgz",
      "integrity": "sha512-yisGPG7JMJBtOTOB6qwzroOLfiQebDrBnybzvjOfWiSIHeha25Jf1nTlWrlZcEiV/eeX3/lERuU1MxftjK3Vgg==",
      "cpu": [
        "arm64"
      ],
      "license": "Apache-2.0",
      "optional": true,
      "os": [
        "win32"
      ],
      "bin": {
        "codex-acp-win32-arm64": "bin/codex-acp.exe"
      }
    },
    "node_modules/@zed-industries/codex-acp-win32-x64": {
      "version": "0.11.1",
      "resolved": "https://registry.npmjs.org/@zed-industries/codex-acp-win32-x64/-/codex-acp-win32-x64-0.11.1.tgz",
      "integrity": "sha512-nOdlp/xHQGzqt+GnB2rrpk0sT7pPJVKkL9M+UhmoFPSFwjWrkzAOJukbT4P59wU1mVBTe84dEW6UnzydWIrGJw==",
      "cpu": [
        "x64"
      ],
      "license": "Apache-2.0",
      "optional": true,
      "os": [
        "win32"
      ],
      "bin": {
        "codex-acp-win32-x64": "bin/codex-acp.exe"
      }
    }
  }
}
